// !$*UTF8*$!
{
	archiveVersion = 1;
	classes = {
	};
	objectVersion = 51;
	objects = {

/* Begin PBXBuildFile section */
		D0410B5D977FC715614CD2CB /* Pods_PasscodeLockLayout.framework in Frameworks */ = {isa = PBXBuildFile; fileRef = 2CCFF60414935C6690E21319 /* Pods_PasscodeLockLayout.framework */; };
		DE58528924E59A9A0001F0D5 /* AppDelegate.swift in Sources */ = {isa = PBXBuildFile; fileRef = DE58528824E59A9A0001F0D5 /* AppDelegate.swift */; };
		DE58528B24E59A9A0001F0D5 /* SceneDelegate.swift in Sources */ = {isa = PBXBuildFile; fileRef = DE58528A24E59A9A0001F0D5 /* SceneDelegate.swift */; };
		DE58529024E59A9A0001F0D5 /* Main.storyboard in Resources */ = {isa = PBXBuildFile; fileRef = DE58528E24E59A9A0001F0D5 /* Main.storyboard */; };
		DE58529224E59AA60001F0D5 /* Assets.xcassets in Resources */ = {isa = PBXBuildFile; fileRef = DE58529124E59AA60001F0D5 /* Assets.xcassets */; };
		DE58529524E59AA60001F0D5 /* LaunchScreen.storyboard in Resources */ = {isa = PBXBuildFile; fileRef = DE58529324E59AA60001F0D5 /* LaunchScreen.storyboard */; };
		DE5852A024E59AA60001F0D5 /* PasscodeLockLayoutTests.swift in Sources */ = {isa = PBXBuildFile; fileRef = DE58529F24E59AA60001F0D5 /* PasscodeLockLayoutTests.swift */; };
		DE5852AB24E59AA60001F0D5 /* PasscodeLockLayoutUITests.swift in Sources */ = {isa = PBXBuildFile; fileRef = DE5852AA24E59AA60001F0D5 /* PasscodeLockLayoutUITests.swift */; };
		DE5852C224E59FBD0001F0D5 /* CustomViewBase.swift in Sources */ = {isa = PBXBuildFile; fileRef = DE5852C124E59FBD0001F0D5 /* CustomViewBase.swift */; };
		DE5852C624E5A2FE0001F0D5 /* CryptoAlgorithm.swift in Sources */ = {isa = PBXBuildFile; fileRef = DE5852C524E5A2FE0001F0D5 /* CryptoAlgorithm.swift */; };
		DE5852C824E5A31F0001F0D5 /* LocalAuthenticationType.swift in Sources */ = {isa = PBXBuildFile; fileRef = DE5852C724E5A31F0001F0D5 /* LocalAuthenticationType.swift */; };
		DE5852CA24E5A3570001F0D5 /* InputPasscodeType.swift in Sources */ = {isa = PBXBuildFile; fileRef = DE5852C924E5A3570001F0D5 /* InputPasscodeType.swift */; };
		DE5852CE24E5A39A0001F0D5 /* NSObjectProtocolExtension.swift in Sources */ = {isa = PBXBuildFile; fileRef = DE5852CD24E5A39A0001F0D5 /* NSObjectProtocolExtension.swift */; };
		DE5852D024E5A3B10001F0D5 /* UICollectionViewExtension.swift in Sources */ = {isa = PBXBuildFile; fileRef = DE5852CF24E5A3B10001F0D5 /* UICollectionViewExtension.swift */; };
		DE5852D224E5A3C70001F0D5 /* UIColorExtension.swift in Sources */ = {isa = PBXBuildFile; fileRef = DE5852D124E5A3C70001F0D5 /* UIColorExtension.swift */; };
		DE5852D424E5A3E40001F0D5 /* UIViewControllerExtension.swift in Sources */ = {isa = PBXBuildFile; fileRef = DE5852D324E5A3E40001F0D5 /* UIViewControllerExtension.swift */; };
		DE5852D624E5A41E0001F0D5 /* StringExtension.swift in Sources */ = {isa = PBXBuildFile; fileRef = DE5852D524E5A41E0001F0D5 /* StringExtension.swift */; };
		DE5852D824E5A46C0001F0D5 /* PasscodeLockConstant.swift in Sources */ = {isa = PBXBuildFile; fileRef = DE5852D724E5A46C0001F0D5 /* PasscodeLockConstant.swift */; };
		DE5852DA24E5A7D40001F0D5 /* UITableViewExtension.swift in Sources */ = {isa = PBXBuildFile; fileRef = DE5852D924E5A7D40001F0D5 /* UITableViewExtension.swift */; };
		DE5852DC24E5A92F0001F0D5 /* LocalAuthenticationManager.swift in Sources */ = {isa = PBXBuildFile; fileRef = DE5852DB24E5A92F0001F0D5 /* LocalAuthenticationManager.swift */; };
		DE5852DF24E5AD710001F0D5 /* UserDefaultStore.swift in Sources */ = {isa = PBXBuildFile; fileRef = DE5852DE24E5AD710001F0D5 /* UserDefaultStore.swift */; };
		DE5852E124E5AE770001F0D5 /* PasscodeModel.swift in Sources */ = {isa = PBXBuildFile; fileRef = DE5852E024E5AE770001F0D5 /* PasscodeModel.swift */; };
		DE5852E324E5B1390001F0D5 /* StickyStyleFlowLayout.swift in Sources */ = {isa = PBXBuildFile; fileRef = DE5852E224E5B1390001F0D5 /* StickyStyleFlowLayout.swift */; };
		DE5852E524E608A10001F0D5 /* MainTabBarController.swift in Sources */ = {isa = PBXBuildFile; fileRef = DE5852E424E608A10001F0D5 /* MainTabBarController.swift */; };
		DE5852F624E6B0780001F0D5 /* Curriculum.storyboard in Resources */ = {isa = PBXBuildFile; fileRef = DE5852F524E6B0770001F0D5 /* Curriculum.storyboard */; };
		DE5852F824E6B0870001F0D5 /* Course.storyboard in Resources */ = {isa = PBXBuildFile; fileRef = DE5852F724E6B0870001F0D5 /* Course.storyboard */; };
		DE5852FA24E6B0DC0001F0D5 /* Profile.storyboard in Resources */ = {isa = PBXBuildFile; fileRef = DE5852F924E6B0DC0001F0D5 /* Profile.storyboard */; };
		DE58530024E6F1E80001F0D5 /* CurriculumViewController.swift in Sources */ = {isa = PBXBuildFile; fileRef = DE5852FF24E6F1E80001F0D5 /* CurriculumViewController.swift */; };
		DE58530424E6F2250001F0D5 /* CourseViewController.swift in Sources */ = {isa = PBXBuildFile; fileRef = DE58530324E6F2250001F0D5 /* CourseViewController.swift */; };
		DE58530B24E6F2950001F0D5 /* ProfileViewController.swift in Sources */ = {isa = PBXBuildFile; fileRef = DE58530A24E6F2950001F0D5 /* ProfileViewController.swift */; };
		DE58530E24E73DA00001F0D5 /* CurriculumTableViewCell.swift in Sources */ = {isa = PBXBuildFile; fileRef = DE58530C24E73DA00001F0D5 /* CurriculumTableViewCell.swift */; };
		DE58530F24E73DA00001F0D5 /* CurriculumTableViewCell.xib in Resources */ = {isa = PBXBuildFile; fileRef = DE58530D24E73DA00001F0D5 /* CurriculumTableViewCell.xib */; };
		DE58531224E742260001F0D5 /* CurriculumModel.swift in Sources */ = {isa = PBXBuildFile; fileRef = DE58531124E742260001F0D5 /* CurriculumModel.swift */; };
		DE58531524E7790D0001F0D5 /* CourseListCollectionViewCell.swift in Sources */ = {isa = PBXBuildFile; fileRef = DE58531324E7790D0001F0D5 /* CourseListCollectionViewCell.swift */; };
		DE58531624E7790D0001F0D5 /* CourseListCollectionViewCell.xib in Resources */ = {isa = PBXBuildFile; fileRef = DE58531424E7790D0001F0D5 /* CourseListCollectionViewCell.xib */; };
		DE58531E24E78A8B0001F0D5 /* NotificationExtension.swift in Sources */ = {isa = PBXBuildFile; fileRef = DE58531D24E78A8B0001F0D5 /* NotificationExtension.swift */; };
		DE58532024E791B80001F0D5 /* CurriculumPresenter.swift in Sources */ = {isa = PBXBuildFile; fileRef = DE58531F24E791B80001F0D5 /* CurriculumPresenter.swift */; };
		DE58532224E7A1350001F0D5 /* curriculum.json in Resources */ = {isa = PBXBuildFile; fileRef = DE58532124E7A1340001F0D5 /* curriculum.json */; };
		DE58532424E7A1C20001F0D5 /* CourseModel.swift in Sources */ = {isa = PBXBuildFile; fileRef = DE58532324E7A1C20001F0D5 /* CourseModel.swift */; };
		DE58532624E7A93C0001F0D5 /* CoursePresenter.swift in Sources */ = {isa = PBXBuildFile; fileRef = DE58532524E7A93C0001F0D5 /* CoursePresenter.swift */; };
		DE58532824E7B01A0001F0D5 /* UILabelDecorator.swift in Sources */ = {isa = PBXBuildFile; fileRef = DE58532724E7B01A0001F0D5 /* UILabelDecorator.swift */; };
/* End PBXBuildFile section */

/* Begin PBXContainerItemProxy section */
		DE58529C24E59AA60001F0D5 /* PBXContainerItemProxy */ = {
			isa = PBXContainerItemProxy;
			containerPortal = DE58527D24E59A9A0001F0D5 /* Project object */;
			proxyType = 1;
			remoteGlobalIDString = DE58528424E59A9A0001F0D5;
			remoteInfo = PasscodeLockLayout;
		};
		DE5852A724E59AA60001F0D5 /* PBXContainerItemProxy */ = {
			isa = PBXContainerItemProxy;
			containerPortal = DE58527D24E59A9A0001F0D5 /* Project object */;
			proxyType = 1;
			remoteGlobalIDString = DE58528424E59A9A0001F0D5;
			remoteInfo = PasscodeLockLayout;
		};
/* End PBXContainerItemProxy section */

/* Begin PBXFileReference section */
		2CCFF60414935C6690E21319 /* Pods_PasscodeLockLayout.framework */ = {isa = PBXFileReference; explicitFileType = wrapper.framework; includeInIndex = 0; path = Pods_PasscodeLockLayout.framework; sourceTree = BUILT_PRODUCTS_DIR; };
		6931B7429A6AE136B178EC92 /* Pods-PasscodeLockLayout.release.xcconfig */ = {isa = PBXFileReference; includeInIndex = 1; lastKnownFileType = text.xcconfig; name = "Pods-PasscodeLockLayout.release.xcconfig"; path = "Target Support Files/Pods-PasscodeLockLayout/Pods-PasscodeLockLayout.release.xcconfig"; sourceTree = "<group>"; };
		9FD0E18FFA733FB9DF6A1578 /* Pods-PasscodeLockLayout.debug.xcconfig */ = {isa = PBXFileReference; includeInIndex = 1; lastKnownFileType = text.xcconfig; name = "Pods-PasscodeLockLayout.debug.xcconfig"; path = "Target Support Files/Pods-PasscodeLockLayout/Pods-PasscodeLockLayout.debug.xcconfig"; sourceTree = "<group>"; };
		DE58528524E59A9A0001F0D5 /* PasscodeLockLayout.app */ = {isa = PBXFileReference; explicitFileType = wrapper.application; includeInIndex = 0; path = PasscodeLockLayout.app; sourceTree = BUILT_PRODUCTS_DIR; };
		DE58528824E59A9A0001F0D5 /* AppDelegate.swift */ = {isa = PBXFileReference; lastKnownFileType = sourcecode.swift; path = AppDelegate.swift; sourceTree = "<group>"; };
		DE58528A24E59A9A0001F0D5 /* SceneDelegate.swift */ = {isa = PBXFileReference; lastKnownFileType = sourcecode.swift; path = SceneDelegate.swift; sourceTree = "<group>"; };
		DE58528F24E59A9A0001F0D5 /* Base */ = {isa = PBXFileReference; lastKnownFileType = file.storyboard; name = Base; path = Base.lproj/Main.storyboard; sourceTree = "<group>"; };
		DE58529124E59AA60001F0D5 /* Assets.xcassets */ = {isa = PBXFileReference; lastKnownFileType = folder.assetcatalog; path = Assets.xcassets; sourceTree = "<group>"; };
		DE58529424E59AA60001F0D5 /* Base */ = {isa = PBXFileReference; lastKnownFileType = file.storyboard; name = Base; path = Base.lproj/LaunchScreen.storyboard; sourceTree = "<group>"; };
		DE58529624E59AA60001F0D5 /* Info.plist */ = {isa = PBXFileReference; lastKnownFileType = text.plist.xml; path = Info.plist; sourceTree = "<group>"; };
		DE58529B24E59AA60001F0D5 /* PasscodeLockLayoutTests.xctest */ = {isa = PBXFileReference; explicitFileType = wrapper.cfbundle; includeInIndex = 0; path = PasscodeLockLayoutTests.xctest; sourceTree = BUILT_PRODUCTS_DIR; };
		DE58529F24E59AA60001F0D5 /* PasscodeLockLayoutTests.swift */ = {isa = PBXFileReference; lastKnownFileType = sourcecode.swift; path = PasscodeLockLayoutTests.swift; sourceTree = "<group>"; };
		DE5852A124E59AA60001F0D5 /* Info.plist */ = {isa = PBXFileReference; lastKnownFileType = text.plist.xml; path = Info.plist; sourceTree = "<group>"; };
		DE5852A624E59AA60001F0D5 /* PasscodeLockLayoutUITests.xctest */ = {isa = PBXFileReference; explicitFileType = wrapper.cfbundle; includeInIndex = 0; path = PasscodeLockLayoutUITests.xctest; sourceTree = BUILT_PRODUCTS_DIR; };
		DE5852AA24E59AA60001F0D5 /* PasscodeLockLayoutUITests.swift */ = {isa = PBXFileReference; lastKnownFileType = sourcecode.swift; path = PasscodeLockLayoutUITests.swift; sourceTree = "<group>"; };
		DE5852AC24E59AA60001F0D5 /* Info.plist */ = {isa = PBXFileReference; lastKnownFileType = text.plist.xml; path = Info.plist; sourceTree = "<group>"; };
		DE5852C124E59FBD0001F0D5 /* CustomViewBase.swift */ = {isa = PBXFileReference; lastKnownFileType = sourcecode.swift; path = CustomViewBase.swift; sourceTree = "<group>"; };
		DE5852C424E5A0B20001F0D5 /* PasscodeLockLayout-Bridging-Header.h */ = {isa = PBXFileReference; lastKnownFileType = sourcecode.c.h; path = "PasscodeLockLayout-Bridging-Header.h"; sourceTree = "<group>"; };
		DE5852C524E5A2FE0001F0D5 /* CryptoAlgorithm.swift */ = {isa = PBXFileReference; lastKnownFileType = sourcecode.swift; path = CryptoAlgorithm.swift; sourceTree = "<group>"; };
		DE5852C724E5A31F0001F0D5 /* LocalAuthenticationType.swift */ = {isa = PBXFileReference; lastKnownFileType = sourcecode.swift; path = LocalAuthenticationType.swift; sourceTree = "<group>"; };
		DE5852C924E5A3570001F0D5 /* InputPasscodeType.swift */ = {isa = PBXFileReference; lastKnownFileType = sourcecode.swift; path = InputPasscodeType.swift; sourceTree = "<group>"; };
		DE5852CD24E5A39A0001F0D5 /* NSObjectProtocolExtension.swift */ = {isa = PBXFileReference; lastKnownFileType = sourcecode.swift; path = NSObjectProtocolExtension.swift; sourceTree = "<group>"; };
		DE5852CF24E5A3B10001F0D5 /* UICollectionViewExtension.swift */ = {isa = PBXFileReference; lastKnownFileType = sourcecode.swift; path = UICollectionViewExtension.swift; sourceTree = "<group>"; };
		DE5852D124E5A3C70001F0D5 /* UIColorExtension.swift */ = {isa = PBXFileReference; lastKnownFileType = sourcecode.swift; path = UIColorExtension.swift; sourceTree = "<group>"; };
		DE5852D324E5A3E40001F0D5 /* UIViewControllerExtension.swift */ = {isa = PBXFileReference; lastKnownFileType = sourcecode.swift; path = UIViewControllerExtension.swift; sourceTree = "<group>"; };
		DE5852D524E5A41E0001F0D5 /* StringExtension.swift */ = {isa = PBXFileReference; lastKnownFileType = sourcecode.swift; path = StringExtension.swift; sourceTree = "<group>"; };
		DE5852D724E5A46C0001F0D5 /* PasscodeLockConstant.swift */ = {isa = PBXFileReference; lastKnownFileType = sourcecode.swift; path = PasscodeLockConstant.swift; sourceTree = "<group>"; };
		DE5852D924E5A7D40001F0D5 /* UITableViewExtension.swift */ = {isa = PBXFileReference; lastKnownFileType = sourcecode.swift; path = UITableViewExtension.swift; sourceTree = "<group>"; };
		DE5852DB24E5A92F0001F0D5 /* LocalAuthenticationManager.swift */ = {isa = PBXFileReference; lastKnownFileType = sourcecode.swift; path = LocalAuthenticationManager.swift; sourceTree = "<group>"; };
		DE5852DE24E5AD710001F0D5 /* UserDefaultStore.swift */ = {isa = PBXFileReference; lastKnownFileType = sourcecode.swift; path = UserDefaultStore.swift; sourceTree = "<group>"; };
		DE5852E024E5AE770001F0D5 /* PasscodeModel.swift */ = {isa = PBXFileReference; lastKnownFileType = sourcecode.swift; path = PasscodeModel.swift; sourceTree = "<group>"; };
		DE5852E224E5B1390001F0D5 /* StickyStyleFlowLayout.swift */ = {isa = PBXFileReference; lastKnownFileType = sourcecode.swift; path = StickyStyleFlowLayout.swift; sourceTree = "<group>"; };
		DE5852E424E608A10001F0D5 /* MainTabBarController.swift */ = {isa = PBXFileReference; lastKnownFileType = sourcecode.swift; path = MainTabBarController.swift; sourceTree = "<group>"; };
		DE5852F524E6B0770001F0D5 /* Curriculum.storyboard */ = {isa = PBXFileReference; lastKnownFileType = file.storyboard; path = Curriculum.storyboard; sourceTree = "<group>"; };
		DE5852F724E6B0870001F0D5 /* Course.storyboard */ = {isa = PBXFileReference; lastKnownFileType = file.storyboard; path = Course.storyboard; sourceTree = "<group>"; };
		DE5852F924E6B0DC0001F0D5 /* Profile.storyboard */ = {isa = PBXFileReference; lastKnownFileType = file.storyboard; path = Profile.storyboard; sourceTree = "<group>"; };
		DE5852FF24E6F1E80001F0D5 /* CurriculumViewController.swift */ = {isa = PBXFileReference; lastKnownFileType = sourcecode.swift; path = CurriculumViewController.swift; sourceTree = "<group>"; };
		DE58530324E6F2250001F0D5 /* CourseViewController.swift */ = {isa = PBXFileReference; lastKnownFileType = sourcecode.swift; path = CourseViewController.swift; sourceTree = "<group>"; };
		DE58530A24E6F2950001F0D5 /* ProfileViewController.swift */ = {isa = PBXFileReference; lastKnownFileType = sourcecode.swift; path = ProfileViewController.swift; sourceTree = "<group>"; };
		DE58530C24E73DA00001F0D5 /* CurriculumTableViewCell.swift */ = {isa = PBXFileReference; lastKnownFileType = sourcecode.swift; path = CurriculumTableViewCell.swift; sourceTree = "<group>"; };
		DE58530D24E73DA00001F0D5 /* CurriculumTableViewCell.xib */ = {isa = PBXFileReference; lastKnownFileType = file.xib; path = CurriculumTableViewCell.xib; sourceTree = "<group>"; };
		DE58531124E742260001F0D5 /* CurriculumModel.swift */ = {isa = PBXFileReference; lastKnownFileType = sourcecode.swift; path = CurriculumModel.swift; sourceTree = "<group>"; };
		DE58531324E7790D0001F0D5 /* CourseListCollectionViewCell.swift */ = {isa = PBXFileReference; lastKnownFileType = sourcecode.swift; path = CourseListCollectionViewCell.swift; sourceTree = "<group>"; };
		DE58531424E7790D0001F0D5 /* CourseListCollectionViewCell.xib */ = {isa = PBXFileReference; lastKnownFileType = file.xib; path = CourseListCollectionViewCell.xib; sourceTree = "<group>"; };
		DE58531D24E78A8B0001F0D5 /* NotificationExtension.swift */ = {isa = PBXFileReference; lastKnownFileType = sourcecode.swift; path = NotificationExtension.swift; sourceTree = "<group>"; };
		DE58531F24E791B80001F0D5 /* CurriculumPresenter.swift */ = {isa = PBXFileReference; lastKnownFileType = sourcecode.swift; path = CurriculumPresenter.swift; sourceTree = "<group>"; };
		DE58532124E7A1340001F0D5 /* curriculum.json */ = {isa = PBXFileReference; fileEncoding = 4; lastKnownFileType = text.json; path = curriculum.json; sourceTree = "<group>"; };
		DE58532324E7A1C20001F0D5 /* CourseModel.swift */ = {isa = PBXFileReference; lastKnownFileType = sourcecode.swift; path = CourseModel.swift; sourceTree = "<group>"; };
		DE58532524E7A93C0001F0D5 /* CoursePresenter.swift */ = {isa = PBXFileReference; lastKnownFileType = sourcecode.swift; path = CoursePresenter.swift; sourceTree = "<group>"; };
		DE58532724E7B01A0001F0D5 /* UILabelDecorator.swift */ = {isa = PBXFileReference; lastKnownFileType = sourcecode.swift; path = UILabelDecorator.swift; sourceTree = "<group>"; };
/* End PBXFileReference section */

/* Begin PBXFrameworksBuildPhase section */
		DE58528224E59A9A0001F0D5 /* Frameworks */ = {
			isa = PBXFrameworksBuildPhase;
			buildActionMask = 2147483647;
			files = (
				D0410B5D977FC715614CD2CB /* Pods_PasscodeLockLayout.framework in Frameworks */,
			);
			runOnlyForDeploymentPostprocessing = 0;
		};
		DE58529824E59AA60001F0D5 /* Frameworks */ = {
			isa = PBXFrameworksBuildPhase;
			buildActionMask = 2147483647;
			files = (
			);
			runOnlyForDeploymentPostprocessing = 0;
		};
		DE5852A324E59AA60001F0D5 /* Frameworks */ = {
			isa = PBXFrameworksBuildPhase;
			buildActionMask = 2147483647;
			files = (
			);
			runOnlyForDeploymentPostprocessing = 0;
		};
/* End PBXFrameworksBuildPhase section */

/* Begin PBXGroup section */
		7FA137A81D09E86F64B83F60 /* Frameworks */ = {
			isa = PBXGroup;
			children = (
				2CCFF60414935C6690E21319 /* Pods_PasscodeLockLayout.framework */,
			);
			name = Frameworks;
			sourceTree = "<group>";
		};
		B7504EB4D46740B0EE15123B /* Pods */ = {
			isa = PBXGroup;
			children = (
				9FD0E18FFA733FB9DF6A1578 /* Pods-PasscodeLockLayout.debug.xcconfig */,
				6931B7429A6AE136B178EC92 /* Pods-PasscodeLockLayout.release.xcconfig */,
			);
			path = Pods;
			sourceTree = "<group>";
		};
		DE58527C24E59A9A0001F0D5 = {
			isa = PBXGroup;
			children = (
				DE58528724E59A9A0001F0D5 /* PasscodeLockLayout */,
				DE58529E24E59AA60001F0D5 /* PasscodeLockLayoutTests */,
				DE5852A924E59AA60001F0D5 /* PasscodeLockLayoutUITests */,
				DE58528624E59A9A0001F0D5 /* Products */,
				B7504EB4D46740B0EE15123B /* Pods */,
				7FA137A81D09E86F64B83F60 /* Frameworks */,
			);
			sourceTree = "<group>";
		};
		DE58528624E59A9A0001F0D5 /* Products */ = {
			isa = PBXGroup;
			children = (
				DE58528524E59A9A0001F0D5 /* PasscodeLockLayout.app */,
				DE58529B24E59AA60001F0D5 /* PasscodeLockLayoutTests.xctest */,
				DE5852A624E59AA60001F0D5 /* PasscodeLockLayoutUITests.xctest */,
			);
			name = Products;
			sourceTree = "<group>";
		};
		DE58528724E59A9A0001F0D5 /* PasscodeLockLayout */ = {
			isa = PBXGroup;
			children = (
				DE5852C424E5A0B20001F0D5 /* PasscodeLockLayout-Bridging-Header.h */,
				DE58529624E59AA60001F0D5 /* Info.plist */,
				DE58528824E59A9A0001F0D5 /* AppDelegate.swift */,
				DE58528A24E59A9A0001F0D5 /* SceneDelegate.swift */,
				DE58529124E59AA60001F0D5 /* Assets.xcassets */,
				DE5852C324E5A05A0001F0D5 /* Enum */,
				DE5852BF24E59C780001F0D5 /* Extension */,
				DE5852BE24E59C5C0001F0D5 /* LayoutClasses */,
				DE5852BA24E59B6B0001F0D5 /* Model */,
				DE5852C024E59C820001F0D5 /* Modules */,
				DE5852BB24E59B710001F0D5 /* Presenter */,
				DE5852BC24E59C120001F0D5 /* Storyboard */,
				DE5852B924E59B600001F0D5 /* View */,
				DE5852B824E59B560001F0D5 /* ViewController */,
			);
			path = PasscodeLockLayout;
			sourceTree = "<group>";
		};
		DE58529E24E59AA60001F0D5 /* PasscodeLockLayoutTests */ = {
			isa = PBXGroup;
			children = (
				DE58529F24E59AA60001F0D5 /* PasscodeLockLayoutTests.swift */,
				DE5852A124E59AA60001F0D5 /* Info.plist */,
			);
			path = PasscodeLockLayoutTests;
			sourceTree = "<group>";
		};
		DE5852A924E59AA60001F0D5 /* PasscodeLockLayoutUITests */ = {
			isa = PBXGroup;
			children = (
				DE5852AA24E59AA60001F0D5 /* PasscodeLockLayoutUITests.swift */,
				DE5852AC24E59AA60001F0D5 /* Info.plist */,
			);
			path = PasscodeLockLayoutUITests;
			sourceTree = "<group>";
		};
		DE5852B824E59B560001F0D5 /* ViewController */ = {
			isa = PBXGroup;
			children = (
				DE58530224E6F2120001F0D5 /* Course */,
				DE58530124E6F1FD0001F0D5 /* Curriculum */,
				DE58530524E6F2320001F0D5 /* Main */,
				DE58530924E6F2690001F0D5 /* Profile */,
			);
			path = ViewController;
			sourceTree = "<group>";
		};
		DE5852B924E59B600001F0D5 /* View */ = {
			isa = PBXGroup;
			children = (
				DE5852C124E59FBD0001F0D5 /* CustomViewBase.swift */,
				DE5852EF24E697A60001F0D5 /* CourseListCollectionViewCell */,
				DE5852ED24E696FC0001F0D5 /* CurriculumTableViewCell */,
				DE5852F024E6982E0001F0D5 /* InputPasscodeDisplayView */,
				DE5852F124E6983E0001F0D5 /* InputPasscodeKeyboardView */,
			);
			path = View;
			sourceTree = "<group>";
		};
		DE5852BA24E59B6B0001F0D5 /* Model */ = {
			isa = PBXGroup;
			children = (
				DE58532324E7A1C20001F0D5 /* CourseModel.swift */,
				DE58531124E742260001F0D5 /* CurriculumModel.swift */,
				DE5852E024E5AE770001F0D5 /* PasscodeModel.swift */,
				DE5852BD24E59C300001F0D5 /* Json */,
				DE5852DD24E5A9560001F0D5 /* UserDefault */,
			);
			path = Model;
			sourceTree = "<group>";
		};
		DE5852BB24E59B710001F0D5 /* Presenter */ = {
			isa = PBXGroup;
			children = (
				DE58532524E7A93C0001F0D5 /* CoursePresenter.swift */,
				DE58531F24E791B80001F0D5 /* CurriculumPresenter.swift */,
			);
			path = Presenter;
			sourceTree = "<group>";
		};
		DE5852BC24E59C120001F0D5 /* Storyboard */ = {
			isa = PBXGroup;
			children = (
				DE58529324E59AA60001F0D5 /* LaunchScreen.storyboard */,
				DE5852E824E696AE0001F0D5 /* Course */,
				DE5852E724E6967C0001F0D5 /* Curriculum */,
				DE5852E624E696710001F0D5 /* Main */,
				DE5852EC24E696E20001F0D5 /* Passcode */,
				DE5852EA24E696C50001F0D5 /* Profile */,
			);
			path = Storyboard;
			sourceTree = "<group>";
		};
		DE5852BD24E59C300001F0D5 /* Json */ = {
			isa = PBXGroup;
			children = (
				DE58532124E7A1340001F0D5 /* curriculum.json */,
			);
			path = Json;
			sourceTree = "<group>";
		};
		DE5852BE24E59C5C0001F0D5 /* LayoutClasses */ = {
			isa = PBXGroup;
			children = (
				DE5852E224E5B1390001F0D5 /* StickyStyleFlowLayout.swift */,
			);
			path = LayoutClasses;
			sourceTree = "<group>";
		};
		DE5852BF24E59C780001F0D5 /* Extension */ = {
			isa = PBXGroup;
			children = (
				DE5852CD24E5A39A0001F0D5 /* NSObjectProtocolExtension.swift */,
				DE5852D524E5A41E0001F0D5 /* StringExtension.swift */,
				DE5852CF24E5A3B10001F0D5 /* UICollectionViewExtension.swift */,
				DE5852D124E5A3C70001F0D5 /* UIColorExtension.swift */,
				DE5852D924E5A7D40001F0D5 /* UITableViewExtension.swift */,
				DE5852D324E5A3E40001F0D5 /* UIViewControllerExtension.swift */,
				DE58531D24E78A8B0001F0D5 /* NotificationExtension.swift */,
			);
			path = Extension;
			sourceTree = "<group>";
		};
		DE5852C024E59C820001F0D5 /* Modules */ = {
			isa = PBXGroup;
			children = (
				DE5852D724E5A46C0001F0D5 /* PasscodeLockConstant.swift */,
				DE5852DB24E5A92F0001F0D5 /* LocalAuthenticationManager.swift */,
				DE58532724E7B01A0001F0D5 /* UILabelDecorator.swift */,
			);
			path = Modules;
			sourceTree = "<group>";
		};
		DE5852C324E5A05A0001F0D5 /* Enum */ = {
			isa = PBXGroup;
			children = (
				DE5852C524E5A2FE0001F0D5 /* CryptoAlgorithm.swift */,
				DE5852C924E5A3570001F0D5 /* InputPasscodeType.swift */,
				DE5852C724E5A31F0001F0D5 /* LocalAuthenticationType.swift */,
			);
			path = Enum;
			sourceTree = "<group>";
		};
		DE5852DD24E5A9560001F0D5 /* UserDefault */ = {
			isa = PBXGroup;
			children = (
				DE5852DE24E5AD710001F0D5 /* UserDefaultStore.swift */,
			);
			path = UserDefault;
			sourceTree = "<group>";
		};
		DE5852E624E696710001F0D5 /* Main */ = {
			isa = PBXGroup;
			children = (
				DE58528E24E59A9A0001F0D5 /* Main.storyboard */,
			);
			path = Main;
			sourceTree = "<group>";
		};
		DE5852E724E6967C0001F0D5 /* Curriculum */ = {
			isa = PBXGroup;
			children = (
				DE5852F524E6B0770001F0D5 /* Curriculum.storyboard */,
			);
			path = Curriculum;
			sourceTree = "<group>";
		};
		DE5852E824E696AE0001F0D5 /* Course */ = {
			isa = PBXGroup;
			children = (
				DE5852F724E6B0870001F0D5 /* Course.storyboard */,
			);
			path = Course;
			sourceTree = "<group>";
		};
		DE5852EA24E696C50001F0D5 /* Profile */ = {
			isa = PBXGroup;
			children = (
				DE5852F924E6B0DC0001F0D5 /* Profile.storyboard */,
			);
			path = Profile;
			sourceTree = "<group>";
		};
		DE5852EC24E696E20001F0D5 /* Passcode */ = {
			isa = PBXGroup;
			children = (
			);
			path = Passcode;
			sourceTree = "<group>";
		};
		DE5852ED24E696FC0001F0D5 /* CurriculumTableViewCell */ = {
			isa = PBXGroup;
			children = (
				DE58530C24E73DA00001F0D5 /* CurriculumTableViewCell.swift */,
				DE58530D24E73DA00001F0D5 /* CurriculumTableViewCell.xib */,
			);
			path = CurriculumTableViewCell;
			sourceTree = "<group>";
		};
		DE5852EF24E697A60001F0D5 /* CourseListCollectionViewCell */ = {
			isa = PBXGroup;
			children = (
				DE58531324E7790D0001F0D5 /* CourseListCollectionViewCell.swift */,
				DE58531424E7790D0001F0D5 /* CourseListCollectionViewCell.xib */,
			);
			path = CourseListCollectionViewCell;
			sourceTree = "<group>";
		};
		DE5852F024E6982E0001F0D5 /* InputPasscodeDisplayView */ = {
			isa = PBXGroup;
			children = (
			);
			path = InputPasscodeDisplayView;
			sourceTree = "<group>";
		};
		DE5852F124E6983E0001F0D5 /* InputPasscodeKeyboardView */ = {
			isa = PBXGroup;
			children = (
			);
			path = InputPasscodeKeyboardView;
			sourceTree = "<group>";
		};
		DE58530124E6F1FD0001F0D5 /* Curriculum */ = {
			isa = PBXGroup;
			children = (
				DE5852FF24E6F1E80001F0D5 /* CurriculumViewController.swift */,
			);
			path = Curriculum;
			sourceTree = "<group>";
		};
		DE58530224E6F2120001F0D5 /* Course */ = {
			isa = PBXGroup;
			children = (
				DE58530324E6F2250001F0D5 /* CourseViewController.swift */,
			);
			path = Course;
			sourceTree = "<group>";
		};
		DE58530524E6F2320001F0D5 /* Main */ = {
			isa = PBXGroup;
			children = (
				DE5852E424E608A10001F0D5 /* MainTabBarController.swift */,
			);
			path = Main;
			sourceTree = "<group>";
		};
		DE58530924E6F2690001F0D5 /* Profile */ = {
			isa = PBXGroup;
			children = (
				DE58530A24E6F2950001F0D5 /* ProfileViewController.swift */,
			);
			path = Profile;
			sourceTree = "<group>";
		};
/* End PBXGroup section */

/* Begin PBXNativeTarget section */
		DE58528424E59A9A0001F0D5 /* PasscodeLockLayout */ = {
			isa = PBXNativeTarget;
			buildConfigurationList = DE5852AF24E59AA60001F0D5 /* Build configuration list for PBXNativeTarget "PasscodeLockLayout" */;
			buildPhases = (
				445BF700A7D50C1D9F7F9C64 /* [CP] Check Pods Manifest.lock */,
				DE58528124E59A9A0001F0D5 /* Sources */,
				DE58528224E59A9A0001F0D5 /* Frameworks */,
				DE58528324E59A9A0001F0D5 /* Resources */,
				7CFD84AC2567107649535AF1 /* [CP] Embed Pods Frameworks */,
			);
			buildRules = (
			);
			dependencies = (
			);
			name = PasscodeLockLayout;
			productName = PasscodeLockLayout;
			productReference = DE58528524E59A9A0001F0D5 /* PasscodeLockLayout.app */;
			productType = "com.apple.product-type.application";
		};
		DE58529A24E59AA60001F0D5 /* PasscodeLockLayoutTests */ = {
			isa = PBXNativeTarget;
			buildConfigurationList = DE5852B224E59AA60001F0D5 /* Build configuration list for PBXNativeTarget "PasscodeLockLayoutTests" */;
			buildPhases = (
				DE58529724E59AA60001F0D5 /* Sources */,
				DE58529824E59AA60001F0D5 /* Frameworks */,
				DE58529924E59AA60001F0D5 /* Resources */,
			);
			buildRules = (
			);
			dependencies = (
				DE58529D24E59AA60001F0D5 /* PBXTargetDependency */,
			);
			name = PasscodeLockLayoutTests;
			productName = PasscodeLockLayoutTests;
			productReference = DE58529B24E59AA60001F0D5 /* PasscodeLockLayoutTests.xctest */;
			productType = "com.apple.product-type.bundle.unit-test";
		};
		DE5852A524E59AA60001F0D5 /* PasscodeLockLayoutUITests */ = {
			isa = PBXNativeTarget;
			buildConfigurationList = DE5852B524E59AA60001F0D5 /* Build configuration list for PBXNativeTarget "PasscodeLockLayoutUITests" */;
			buildPhases = (
				DE5852A224E59AA60001F0D5 /* Sources */,
				DE5852A324E59AA60001F0D5 /* Frameworks */,
				DE5852A424E59AA60001F0D5 /* Resources */,
			);
			buildRules = (
			);
			dependencies = (
				DE5852A824E59AA60001F0D5 /* PBXTargetDependency */,
			);
			name = PasscodeLockLayoutUITests;
			productName = PasscodeLockLayoutUITests;
			productReference = DE5852A624E59AA60001F0D5 /* PasscodeLockLayoutUITests.xctest */;
			productType = "com.apple.product-type.bundle.ui-testing";
		};
/* End PBXNativeTarget section */

/* Begin PBXProject section */
		DE58527D24E59A9A0001F0D5 /* Project object */ = {
			isa = PBXProject;
			attributes = {
				LastSwiftUpdateCheck = 1150;
				LastUpgradeCheck = 1150;
				ORGANIZATIONNAME = "酒井文也";
				TargetAttributes = {
					DE58528424E59A9A0001F0D5 = {
						CreatedOnToolsVersion = 11.5;
					};
					DE58529A24E59AA60001F0D5 = {
						CreatedOnToolsVersion = 11.5;
						TestTargetID = DE58528424E59A9A0001F0D5;
					};
					DE5852A524E59AA60001F0D5 = {
						CreatedOnToolsVersion = 11.5;
						TestTargetID = DE58528424E59A9A0001F0D5;
					};
				};
			};
			buildConfigurationList = DE58528024E59A9A0001F0D5 /* Build configuration list for PBXProject "PasscodeLockLayout" */;
			compatibilityVersion = "Xcode 9.3";
			developmentRegion = en;
			hasScannedForEncodings = 0;
			knownRegions = (
				en,
				Base,
			);
			mainGroup = DE58527C24E59A9A0001F0D5;
			productRefGroup = DE58528624E59A9A0001F0D5 /* Products */;
			projectDirPath = "";
			projectRoot = "";
			targets = (
				DE58528424E59A9A0001F0D5 /* PasscodeLockLayout */,
				DE58529A24E59AA60001F0D5 /* PasscodeLockLayoutTests */,
				DE5852A524E59AA60001F0D5 /* PasscodeLockLayoutUITests */,
			);
		};
/* End PBXProject section */

/* Begin PBXResourcesBuildPhase section */
		DE58528324E59A9A0001F0D5 /* Resources */ = {
			isa = PBXResourcesBuildPhase;
			buildActionMask = 2147483647;
			files = (
				DE5852FA24E6B0DC0001F0D5 /* Profile.storyboard in Resources */,
				DE58529524E59AA60001F0D5 /* LaunchScreen.storyboard in Resources */,
				DE58530F24E73DA00001F0D5 /* CurriculumTableViewCell.xib in Resources */,
				DE58529224E59AA60001F0D5 /* Assets.xcassets in Resources */,
				DE58529024E59A9A0001F0D5 /* Main.storyboard in Resources */,
				DE5852F824E6B0870001F0D5 /* Course.storyboard in Resources */,
				DE5852F624E6B0780001F0D5 /* Curriculum.storyboard in Resources */,
				DE58531624E7790D0001F0D5 /* CourseListCollectionViewCell.xib in Resources */,
				DE58532224E7A1350001F0D5 /* curriculum.json in Resources */,
			);
			runOnlyForDeploymentPostprocessing = 0;
		};
		DE58529924E59AA60001F0D5 /* Resources */ = {
			isa = PBXResourcesBuildPhase;
			buildActionMask = 2147483647;
			files = (
			);
			runOnlyForDeploymentPostprocessing = 0;
		};
		DE5852A424E59AA60001F0D5 /* Resources */ = {
			isa = PBXResourcesBuildPhase;
			buildActionMask = 2147483647;
			files = (
			);
			runOnlyForDeploymentPostprocessing = 0;
		};
/* End PBXResourcesBuildPhase section */

/* Begin PBXShellScriptBuildPhase section */
		445BF700A7D50C1D9F7F9C64 /* [CP] Check Pods Manifest.lock */ = {
			isa = PBXShellScriptBuildPhase;
			buildActionMask = 2147483647;
			files = (
			);
			inputFileListPaths = (
			);
			inputPaths = (
				"${PODS_PODFILE_DIR_PATH}/Podfile.lock",
				"${PODS_ROOT}/Manifest.lock",
			);
			name = "[CP] Check Pods Manifest.lock";
			outputFileListPaths = (
			);
			outputPaths = (
				"$(DERIVED_FILE_DIR)/Pods-PasscodeLockLayout-checkManifestLockResult.txt",
			);
			runOnlyForDeploymentPostprocessing = 0;
			shellPath = /bin/sh;
			shellScript = "diff \"${PODS_PODFILE_DIR_PATH}/Podfile.lock\" \"${PODS_ROOT}/Manifest.lock\" > /dev/null\nif [ $? != 0 ] ; then\n    # print error to STDERR\n    echo \"error: The sandbox is not in sync with the Podfile.lock. Run 'pod install' or update your CocoaPods installation.\" >&2\n    exit 1\nfi\n# This output is used by Xcode 'outputs' to avoid re-running this script phase.\necho \"SUCCESS\" > \"${SCRIPT_OUTPUT_FILE_0}\"\n";
			showEnvVarsInLog = 0;
		};
		7CFD84AC2567107649535AF1 /* [CP] Embed Pods Frameworks */ = {
			isa = PBXShellScriptBuildPhase;
			buildActionMask = 2147483647;
			files = (
			);
			inputFileListPaths = (
				"${PODS_ROOT}/Target Support Files/Pods-PasscodeLockLayout/Pods-PasscodeLockLayout-frameworks-${CONFIGURATION}-input-files.xcfilelist",
			);
			name = "[CP] Embed Pods Frameworks";
			outputFileListPaths = (
				"${PODS_ROOT}/Target Support Files/Pods-PasscodeLockLayout/Pods-PasscodeLockLayout-frameworks-${CONFIGURATION}-output-files.xcfilelist",
			);
			runOnlyForDeploymentPostprocessing = 0;
			shellPath = /bin/sh;
			shellScript = "\"${PODS_ROOT}/Target Support Files/Pods-PasscodeLockLayout/Pods-PasscodeLockLayout-frameworks.sh\"\n";
			showEnvVarsInLog = 0;
		};
/* End PBXShellScriptBuildPhase section */

/* Begin PBXSourcesBuildPhase section */
		DE58528124E59A9A0001F0D5 /* Sources */ = {
			isa = PBXSourcesBuildPhase;
			buildActionMask = 2147483647;
			files = (
				DE5852C224E59FBD0001F0D5 /* CustomViewBase.swift in Sources */,
				DE58532024E791B80001F0D5 /* CurriculumPresenter.swift in Sources */,
				DE5852C624E5A2FE0001F0D5 /* CryptoAlgorithm.swift in Sources */,
				DE5852E524E608A10001F0D5 /* MainTabBarController.swift in Sources */,
				DE5852DC24E5A92F0001F0D5 /* LocalAuthenticationManager.swift in Sources */,
				DE58532824E7B01A0001F0D5 /* UILabelDecorator.swift in Sources */,
				DE5852DF24E5AD710001F0D5 /* UserDefaultStore.swift in Sources */,
				DE58531E24E78A8B0001F0D5 /* NotificationExtension.swift in Sources */,
				DE58530E24E73DA00001F0D5 /* CurriculumTableViewCell.swift in Sources */,
				DE58530B24E6F2950001F0D5 /* ProfileViewController.swift in Sources */,
				DE5852CE24E5A39A0001F0D5 /* NSObjectProtocolExtension.swift in Sources */,
				DE58530424E6F2250001F0D5 /* CourseViewController.swift in Sources */,
				DE5852D024E5A3B10001F0D5 /* UICollectionViewExtension.swift in Sources */,
				DE58528924E59A9A0001F0D5 /* AppDelegate.swift in Sources */,
				DE58532424E7A1C20001F0D5 /* CourseModel.swift in Sources */,
				DE58530024E6F1E80001F0D5 /* CurriculumViewController.swift in Sources */,
				DE58531524E7790D0001F0D5 /* CourseListCollectionViewCell.swift in Sources */,
				DE5852E324E5B1390001F0D5 /* StickyStyleFlowLayout.swift in Sources */,
				DE5852DA24E5A7D40001F0D5 /* UITableViewExtension.swift in Sources */,
				DE58528B24E59A9A0001F0D5 /* SceneDelegate.swift in Sources */,
				DE5852D424E5A3E40001F0D5 /* UIViewControllerExtension.swift in Sources */,
				DE5852D224E5A3C70001F0D5 /* UIColorExtension.swift in Sources */,
				DE58531224E742260001F0D5 /* CurriculumModel.swift in Sources */,
				DE58532624E7A93C0001F0D5 /* CoursePresenter.swift in Sources */,
				DE5852C824E5A31F0001F0D5 /* LocalAuthenticationType.swift in Sources */,
				DE5852D824E5A46C0001F0D5 /* PasscodeLockConstant.swift in Sources */,
				DE5852D624E5A41E0001F0D5 /* StringExtension.swift in Sources */,
				DE5852CA24E5A3570001F0D5 /* InputPasscodeType.swift in Sources */,
				DE5852E124E5AE770001F0D5 /* PasscodeModel.swift in Sources */,
			);
			runOnlyForDeploymentPostprocessing = 0;
		};
		DE58529724E59AA60001F0D5 /* Sources */ = {
			isa = PBXSourcesBuildPhase;
			buildActionMask = 2147483647;
			files = (
				DE5852A024E59AA60001F0D5 /* PasscodeLockLayoutTests.swift in Sources */,
			);
			runOnlyForDeploymentPostprocessing = 0;
		};
		DE5852A224E59AA60001F0D5 /* Sources */ = {
			isa = PBXSourcesBuildPhase;
			buildActionMask = 2147483647;
			files = (
				DE5852AB24E59AA60001F0D5 /* PasscodeLockLayoutUITests.swift in Sources */,
			);
			runOnlyForDeploymentPostprocessing = 0;
		};
/* End PBXSourcesBuildPhase section */

/* Begin PBXTargetDependency section */
		DE58529D24E59AA60001F0D5 /* PBXTargetDependency */ = {
			isa = PBXTargetDependency;
			target = DE58528424E59A9A0001F0D5 /* PasscodeLockLayout */;
			targetProxy = DE58529C24E59AA60001F0D5 /* PBXContainerItemProxy */;
		};
		DE5852A824E59AA60001F0D5 /* PBXTargetDependency */ = {
			isa = PBXTargetDependency;
			target = DE58528424E59A9A0001F0D5 /* PasscodeLockLayout */;
			targetProxy = DE5852A724E59AA60001F0D5 /* PBXContainerItemProxy */;
		};
/* End PBXTargetDependency section */

/* Begin PBXVariantGroup section */
		DE58528E24E59A9A0001F0D5 /* Main.storyboard */ = {
			isa = PBXVariantGroup;
			children = (
				DE58528F24E59A9A0001F0D5 /* Base */,
			);
			name = Main.storyboard;
			sourceTree = "<group>";
		};
		DE58529324E59AA60001F0D5 /* LaunchScreen.storyboard */ = {
			isa = PBXVariantGroup;
			children = (
				DE58529424E59AA60001F0D5 /* Base */,
			);
			name = LaunchScreen.storyboard;
			sourceTree = "<group>";
		};
/* End PBXVariantGroup section */

/* Begin XCBuildConfiguration section */
		DE5852AD24E59AA60001F0D5 /* Debug */ = {
			isa = XCBuildConfiguration;
			buildSettings = {
				ALWAYS_SEARCH_USER_PATHS = NO;
				CLANG_ANALYZER_NONNULL = YES;
				CLANG_ANALYZER_NUMBER_OBJECT_CONVERSION = YES_AGGRESSIVE;
				CLANG_CXX_LANGUAGE_STANDARD = "gnu++14";
				CLANG_CXX_LIBRARY = "libc++";
				CLANG_ENABLE_MODULES = YES;
				CLANG_ENABLE_OBJC_ARC = YES;
				CLANG_ENABLE_OBJC_WEAK = YES;
				CLANG_WARN_BLOCK_CAPTURE_AUTORELEASING = YES;
				CLANG_WARN_BOOL_CONVERSION = YES;
				CLANG_WARN_COMMA = YES;
				CLANG_WARN_CONSTANT_CONVERSION = YES;
				CLANG_WARN_DEPRECATED_OBJC_IMPLEMENTATIONS = YES;
				CLANG_WARN_DIRECT_OBJC_ISA_USAGE = YES_ERROR;
				CLANG_WARN_DOCUMENTATION_COMMENTS = YES;
				CLANG_WARN_EMPTY_BODY = YES;
				CLANG_WARN_ENUM_CONVERSION = YES;
				CLANG_WARN_INFINITE_RECURSION = YES;
				CLANG_WARN_INT_CONVERSION = YES;
				CLANG_WARN_NON_LITERAL_NULL_CONVERSION = YES;
				CLANG_WARN_OBJC_IMPLICIT_RETAIN_SELF = YES;
				CLANG_WARN_OBJC_LITERAL_CONVERSION = YES;
				CLANG_WARN_OBJC_ROOT_CLASS = YES_ERROR;
				CLANG_WARN_RANGE_LOOP_ANALYSIS = YES;
				CLANG_WARN_STRICT_PROTOTYPES = YES;
				CLANG_WARN_SUSPICIOUS_MOVE = YES;
				CLANG_WARN_UNGUARDED_AVAILABILITY = YES_AGGRESSIVE;
				CLANG_WARN_UNREACHABLE_CODE = YES;
				CLANG_WARN__DUPLICATE_METHOD_MATCH = YES;
				COPY_PHASE_STRIP = NO;
				DEBUG_INFORMATION_FORMAT = dwarf;
				ENABLE_STRICT_OBJC_MSGSEND = YES;
				ENABLE_TESTABILITY = YES;
				GCC_C_LANGUAGE_STANDARD = gnu11;
				GCC_DYNAMIC_NO_PIC = NO;
				GCC_NO_COMMON_BLOCKS = YES;
				GCC_OPTIMIZATION_LEVEL = 0;
				GCC_PREPROCESSOR_DEFINITIONS = (
					"DEBUG=1",
					"$(inherited)",
				);
				GCC_WARN_64_TO_32_BIT_CONVERSION = YES;
				GCC_WARN_ABOUT_RETURN_TYPE = YES_ERROR;
				GCC_WARN_UNDECLARED_SELECTOR = YES;
				GCC_WARN_UNINITIALIZED_AUTOS = YES_AGGRESSIVE;
				GCC_WARN_UNUSED_FUNCTION = YES;
				GCC_WARN_UNUSED_VARIABLE = YES;
				IPHONEOS_DEPLOYMENT_TARGET = 13.3;
				MTL_ENABLE_DEBUG_INFO = INCLUDE_SOURCE;
				MTL_FAST_MATH = YES;
				ONLY_ACTIVE_ARCH = YES;
				SDKROOT = iphoneos;
				SWIFT_ACTIVE_COMPILATION_CONDITIONS = DEBUG;
				SWIFT_OBJC_BRIDGING_HEADER = "$(SRCROOT)/PasscodeLockLayout/PasscodeLockLayout-Bridging-Header.h";
				SWIFT_OPTIMIZATION_LEVEL = "-Onone";
			};
			name = Debug;
		};
		DE5852AE24E59AA60001F0D5 /* Release */ = {
			isa = XCBuildConfiguration;
			buildSettings = {
				ALWAYS_SEARCH_USER_PATHS = NO;
				CLANG_ANALYZER_NONNULL = YES;
				CLANG_ANALYZER_NUMBER_OBJECT_CONVERSION = YES_AGGRESSIVE;
				CLANG_CXX_LANGUAGE_STANDARD = "gnu++14";
				CLANG_CXX_LIBRARY = "libc++";
				CLANG_ENABLE_MODULES = YES;
				CLANG_ENABLE_OBJC_ARC = YES;
				CLANG_ENABLE_OBJC_WEAK = YES;
				CLANG_WARN_BLOCK_CAPTURE_AUTORELEASING = YES;
				CLANG_WARN_BOOL_CONVERSION = YES;
				CLANG_WARN_COMMA = YES;
				CLANG_WARN_CONSTANT_CONVERSION = YES;
				CLANG_WARN_DEPRECATED_OBJC_IMPLEMENTATIONS = YES;
				CLANG_WARN_DIRECT_OBJC_ISA_USAGE = YES_ERROR;
				CLANG_WARN_DOCUMENTATION_COMMENTS = YES;
				CLANG_WARN_EMPTY_BODY = YES;
				CLANG_WARN_ENUM_CONVERSION = YES;
				CLANG_WARN_INFINITE_RECURSION = YES;
				CLANG_WARN_INT_CONVERSION = YES;
				CLANG_WARN_NON_LITERAL_NULL_CONVERSION = YES;
				CLANG_WARN_OBJC_IMPLICIT_RETAIN_SELF = YES;
				CLANG_WARN_OBJC_LITERAL_CONVERSION = YES;
				CLANG_WARN_OBJC_ROOT_CLASS = YES_ERROR;
				CLANG_WARN_RANGE_LOOP_ANALYSIS = YES;
				CLANG_WARN_STRICT_PROTOTYPES = YES;
				CLANG_WARN_SUSPICIOUS_MOVE = YES;
				CLANG_WARN_UNGUARDED_AVAILABILITY = YES_AGGRESSIVE;
				CLANG_WARN_UNREACHABLE_CODE = YES;
				CLANG_WARN__DUPLICATE_METHOD_MATCH = YES;
				COPY_PHASE_STRIP = NO;
				DEBUG_INFORMATION_FORMAT = "dwarf-with-dsym";
				ENABLE_NS_ASSERTIONS = NO;
				ENABLE_STRICT_OBJC_MSGSEND = YES;
				GCC_C_LANGUAGE_STANDARD = gnu11;
				GCC_NO_COMMON_BLOCKS = YES;
				GCC_WARN_64_TO_32_BIT_CONVERSION = YES;
				GCC_WARN_ABOUT_RETURN_TYPE = YES_ERROR;
				GCC_WARN_UNDECLARED_SELECTOR = YES;
				GCC_WARN_UNINITIALIZED_AUTOS = YES_AGGRESSIVE;
				GCC_WARN_UNUSED_FUNCTION = YES;
				GCC_WARN_UNUSED_VARIABLE = YES;
				IPHONEOS_DEPLOYMENT_TARGET = 13.3;
				MTL_ENABLE_DEBUG_INFO = NO;
				MTL_FAST_MATH = YES;
				SDKROOT = iphoneos;
				SWIFT_COMPILATION_MODE = wholemodule;
				SWIFT_OBJC_BRIDGING_HEADER = "$(SRCROOT)/PasscodeLockLayout/PasscodeLockLayout-Bridging-Header.h";
				SWIFT_OPTIMIZATION_LEVEL = "-O";
				VALIDATE_PRODUCT = YES;
			};
			name = Release;
		};
		DE5852B024E59AA60001F0D5 /* Debug */ = {
			isa = XCBuildConfiguration;
			baseConfigurationReference = 9FD0E18FFA733FB9DF6A1578 /* Pods-PasscodeLockLayout.debug.xcconfig */;
			buildSettings = {
				ASSETCATALOG_COMPILER_APPICON_NAME = AppIcon;
				CODE_SIGN_STYLE = Automatic;
				DEVELOPMENT_TEAM = S5BF5553KY;
				INFOPLIST_FILE = PasscodeLockLayout/Info.plist;
				LD_RUNPATH_SEARCH_PATHS = (
					"$(inherited)",
					"@executable_path/Frameworks",
				);
				PRODUCT_BUNDLE_IDENTIFIER = com.just1factory.PasscodeLockLayout;
				PRODUCT_NAME = "$(TARGET_NAME)";
				SWIFT_VERSION = 5.0;
				TARGETED_DEVICE_FAMILY = "1,2";
			};
			name = Debug;
		};
		DE5852B124E59AA60001F0D5 /* Release */ = {
			isa = XCBuildConfiguration;
			baseConfigurationReference = 6931B7429A6AE136B178EC92 /* Pods-PasscodeLockLayout.release.xcconfig */;
			buildSettings = {
				ASSETCATALOG_COMPILER_APPICON_NAME = AppIcon;
				CODE_SIGN_STYLE = Automatic;
				DEVELOPMENT_TEAM = S5BF5553KY;
				INFOPLIST_FILE = PasscodeLockLayout/Info.plist;
				LD_RUNPATH_SEARCH_PATHS = (
					"$(inherited)",
					"@executable_path/Frameworks",
				);
				PRODUCT_BUNDLE_IDENTIFIER = com.just1factory.PasscodeLockLayout;
				PRODUCT_NAME = "$(TARGET_NAME)";
				SWIFT_VERSION = 5.0;
				TARGETED_DEVICE_FAMILY = "1,2";
			};
			name = Release;
		};
		DE5852B324E59AA60001F0D5 /* Debug */ = {
			isa = XCBuildConfiguration;
			buildSettings = {
				ALWAYS_EMBED_SWIFT_STANDARD_LIBRARIES = YES;
				BUNDLE_LOADER = "$(TEST_HOST)";
				CODE_SIGN_STYLE = Automatic;
				DEVELOPMENT_TEAM = S5BF5553KY;
				INFOPLIST_FILE = PasscodeLockLayoutTests/Info.plist;
				IPHONEOS_DEPLOYMENT_TARGET = 13.5;
				LD_RUNPATH_SEARCH_PATHS = (
					"$(inherited)",
					"@executable_path/Frameworks",
					"@loader_path/Frameworks",
				);
				PRODUCT_BUNDLE_IDENTIFIER = com.just1factory.PasscodeLockLayoutTests;
				PRODUCT_NAME = "$(TARGET_NAME)";
				SWIFT_VERSION = 5.0;
				TARGETED_DEVICE_FAMILY = "1,2";
				TEST_HOST = "$(BUILT_PRODUCTS_DIR)/PasscodeLockLayout.app/PasscodeLockLayout";
			};
			name = Debug;
		};
		DE5852B424E59AA60001F0D5 /* Release */ = {
			isa = XCBuildConfiguration;
			buildSettings = {
				ALWAYS_EMBED_SWIFT_STANDARD_LIBRARIES = YES;
				BUNDLE_LOADER = "$(TEST_HOST)";
				CODE_SIGN_STYLE = Automatic;
				DEVELOPMENT_TEAM = S5BF5553KY;
				INFOPLIST_FILE = PasscodeLockLayoutTests/Info.plist;
				IPHONEOS_DEPLOYMENT_TARGET = 13.5;
				LD_RUNPATH_SEARCH_PATHS = (
					"$(inherited)",
					"@executable_path/Frameworks",
					"@loader_path/Frameworks",
				);
				PRODUCT_BUNDLE_IDENTIFIER = com.just1factory.PasscodeLockLayoutTests;
				PRODUCT_NAME = "$(TARGET_NAME)";
				SWIFT_VERSION = 5.0;
				TARGETED_DEVICE_FAMILY = "1,2";
				TEST_HOST = "$(BUILT_PRODUCTS_DIR)/PasscodeLockLayout.app/PasscodeLockLayout";
			};
			name = Release;
		};
		DE5852B624E59AA60001F0D5 /* Debug */ = {
			isa = XCBuildConfiguration;
			buildSettings = {
				ALWAYS_EMBED_SWIFT_STANDARD_LIBRARIES = YES;
				CODE_SIGN_STYLE = Automatic;
				DEVELOPMENT_TEAM = S5BF5553KY;
				INFOPLIST_FILE = PasscodeLockLayoutUITests/Info.plist;
				LD_RUNPATH_SEARCH_PATHS = (
					"$(inherited)",
					"@executable_path/Frameworks",
					"@loader_path/Frameworks",
				);
				PRODUCT_BUNDLE_IDENTIFIER = com.just1factory.PasscodeLockLayoutUITests;
				PRODUCT_NAME = "$(TARGET_NAME)";
				SWIFT_VERSION = 5.0;
				TARGETED_DEVICE_FAMILY = "1,2";
				TEST_TARGET_NAME = PasscodeLockLayout;
			};
			name = Debug;
		};
		DE5852B724E59AA60001F0D5 /* Release */ = {
			isa = XCBuildConfiguration;
			buildSettings = {
				ALWAYS_EMBED_SWIFT_STANDARD_LIBRARIES = YES;
				CODE_SIGN_STYLE = Automatic;
				DEVELOPMENT_TEAM = S5BF5553KY;
				INFOPLIST_FILE = PasscodeLockLayoutUITests/Info.plist;
				LD_RUNPATH_SEARCH_PATHS = (
					"$(inherited)",
					"@executable_path/Frameworks",
					"@loader_path/Frameworks",
				);
				PRODUCT_BUNDLE_IDENTIFIER = com.just1factory.PasscodeLockLayoutUITests;
				PRODUCT_NAME = "$(TARGET_NAME)";
				SWIFT_VERSION = 5.0;
				TARGETED_DEVICE_FAMILY = "1,2";
				TEST_TARGET_NAME = PasscodeLockLayout;
			};
			name = Release;
		};
/* End XCBuildConfiguration section */

/* Begin XCConfigurationList section */
		DE58528024E59A9A0001F0D5 /* Build configuration list for PBXProject "PasscodeLockLayout" */ = {
			isa = XCConfigurationList;
			buildConfigurations = (
				DE5852AD24E59AA60001F0D5 /* Debug */,
				DE5852AE24E59AA60001F0D5 /* Release */,
			);
			defaultConfigurationIsVisible = 0;
			defaultConfigurationName = Release;
		};
		DE5852AF24E59AA60001F0D5 /* Build configuration list for PBXNativeTarget "PasscodeLockLayout" */ = {
			isa = XCConfigurationList;
			buildConfigurations = (
				DE5852B024E59AA60001F0D5 /* Debug */,
				DE5852B124E59AA60001F0D5 /* Release */,
			);
			defaultConfigurationIsVisible = 0;
			defaultConfigurationName = Release;
		};
		DE5852B224E59AA60001F0D5 /* Build configuration list for PBXNativeTarget "PasscodeLockLayoutTests" */ = {
			isa = XCConfigurationList;
			buildConfigurations = (
				DE5852B324E59AA60001F0D5 /* Debug */,
				DE5852B424E59AA60001F0D5 /* Release */,
			);
			defaultConfigurationIsVisible = 0;
			defaultConfigurationName = Release;
		};
		DE5852B524E59AA60001F0D5 /* Build configuration list for PBXNativeTarget "PasscodeLockLayoutUITests" */ = {
			isa = XCConfigurationList;
			buildConfigurations = (
				DE5852B624E59AA60001F0D5 /* Debug */,
				DE5852B724E59AA60001F0D5 /* Release */,
			);
			defaultConfigurationIsVisible = 0;
			defaultConfigurationName = Release;
		};
/* End XCConfigurationList section */
	};
	rootObject = DE58527D24E59A9A0001F0D5 /* Project object */;
}
